github.com/google/uuid v1.6.0 h1:NIvaJDMOsjHA8n1jAhLSgzrAzy1Hgr+hNrb57e+94F0=
github.com/google/uuid v1.6.0/go.mod h1:TIyPZe4MgqvfeYDBFedMoGGpEw/LqOeaOT+nhxU+yHo=
github.com/rogelioConsejo/golibs v0.6.1 h1:n7ozbiviPaakFIkf6cxQLfLh6I3RBEi3N2cTimUmbp4=
github.com/rogelioConsejo/golibs v0.6.1/go.mod h1:x+f6f5q7amlFpWej26/pPqwRKpegJkEnBLq4dyfirf8=
